# This file was autogenerated by Stack.
# You should not edit this file by hand.
# For more information, please see the documentation at:
#   https://docs.haskellstack.org/en/stable/lock_files

packages:
- completed:
    hackage: safe-0.3.21@sha256:b928ea1645876788155b38ce85c7e46d157a1bb41d2b05f5770b13d60bc6a3f7,2400
    pantry-tree:
      sha256: ffc22bbfa2397e8b12a5ac0d867e4c93fea452d536f35f6f01f90fa326ee1652
      size: 564
  original:
    hackage: safe-0.3.21
snapshots:
- completed:
    sha256: 1b4c2669e26fa828451830ed4725e4d406acc25a1fa24fcc039465dd13d7a575
    size: 714100
    url: https://raw.githubusercontent.com/commercialhaskell/stackage-snapshots/master/lts/22/6.yaml
  original:
    url: https://raw.githubusercontent.com/commercialhaskell/stackage-snapshots/master/lts/22/6.yaml
